
Microsoft Visual Studio Solution File, Format Version 12.00
# Visual Studio Version 16
VisualStudioVersion = 16.0.31424.327
MinimumVisualStudioVersion = 10.0.40219.1
Project("{9A19103F-16F7-4668-BE54-9A1E7A4F7556}") = "AzureLogger02", "AzureLogger02.csproj", "{E531E7CB-DE9B-4CCE-B77D-B8D726AB05F7}"
EndProject
Project("{FAE04EC0-301F-11D3-BF4B-00C04F79EFBC}") = "AzureGetEndpoint", "..\AzureGetEndpoint\AzureGetEndpoint.csproj", "{4BFC6C6E-6A11-4FF2-AEEE-A05AC48DBF71}"
EndProject
Global
	GlobalSection(SolutionConfigurationPlatforms) = preSolution
		Debug|Any CPU = Debug|Any CPU
		Release|Any CPU = Release|Any CPU
	EndGlobalSection
	GlobalSection(ProjectConfigurationPlatforms) = postSolution
		{E531E7CB-DE9B-4CCE-B77D-B8D726AB05F7}.Debug|Any CPU.ActiveCfg = Debug|Any CPU
		{E531E7CB-DE9B-4CCE-B77D-B8D726AB05F7}.Debug|Any CPU.Build.0 = Debug|Any CPU
		{E531E7CB-DE9B-4CCE-B77D-B8D726AB05F7}.Release|Any CPU.ActiveCfg = Release|Any CPU
		{E531E7CB-DE9B-4CCE-B77D-B8D726AB05F7}.Release|Any CPU.Build.0 = Release|Any CPU
		{4BFC6C6E-6A11-4FF2-AEEE-A05AC48DBF71}.Debug|Any CPU.ActiveCfg = Debug|Any CPU
		{4BFC6C6E-6A11-4FF2-AEEE-A05AC48DBF71}.Debug|Any CPU.Build.0 = Debug|Any CPU
		{4BFC6C6E-6A11-4FF2-AEEE-A05AC48DBF71}.Release|Any CPU.ActiveCfg = Release|Any CPU
		{4BFC6C6E-6A11-4FF2-AEEE-A05AC48DBF71}.Release|Any CPU.Build.0 = Release|Any CPU
	EndGlobalSection
	GlobalSection(SolutionProperties) = preSolution
		HideSolutionNode = FALSE
	EndGlobalSection
	GlobalSection(ExtensibilityGlobals) = postSolution
		SolutionGuid = {01CFB1C9-3645-4325-B7CE-7FE01AF33C05}
	EndGlobalSection
EndGlobal
